// !$*UTF8*$!
{
	archiveVersion = 1;
	classes = {
	};
	objectVersion = 55;
	objects = {

/* Begin PBXBuildFile section */
		281CA3142801857B008EE43F /* personView.swift in Sources */ = {isa = PBXBuildFile; fileRef = 281CA3132801857B008EE43F /* personView.swift */; };
		281CA31A2801C3FE008EE43F /* SearchTableViewController.swift in Sources */ = {isa = PBXBuildFile; fileRef = 281CA3192801C3FE008EE43F /* SearchTableViewController.swift */; };
		281CA31C2801FBAD008EE43F /* StyleConstants.swift in Sources */ = {isa = PBXBuildFile; fileRef = 281CA31B2801FBAD008EE43F /* StyleConstants.swift */; };
		281CA31E2801FFCE008EE43F /* SearchTableViewCell.swift in Sources */ = {isa = PBXBuildFile; fileRef = 281CA31D2801FFCE008EE43F /* SearchTableViewCell.swift */; };
		281CA3212802E002008EE43F /* MovieListViewController.swift in Sources */ = {isa = PBXBuildFile; fileRef = 281CA3202802E002008EE43F /* MovieListViewController.swift */; };
		281CA325280419FF008EE43F /* MovieAppData in Frameworks */ = {isa = PBXBuildFile; productRef = 281CA324280419FF008EE43F /* MovieAppData */; };
		281CA3292806B1B6008EE43F /* MainTableViewController.swift in Sources */ = {isa = PBXBuildFile; fileRef = 281CA3282806B1B6008EE43F /* MainTableViewController.swift */; };
		281CA32B2806B20B008EE43F /* MainTableViewCell.swift in Sources */ = {isa = PBXBuildFile; fileRef = 281CA32A2806B20B008EE43F /* MainTableViewCell.swift */; };
		281CA331280822B0008EE43F /* CollectionViewCell.swift in Sources */ = {isa = PBXBuildFile; fileRef = 281CA330280822B0008EE43F /* CollectionViewCell.swift */; };
		282AD29B27E9D6C4000402F5 /* AppDelegate.swift in Sources */ = {isa = PBXBuildFile; fileRef = 282AD29A27E9D6C4000402F5 /* AppDelegate.swift */; };
		282AD29D27E9D6C4000402F5 /* SceneDelegate.swift in Sources */ = {isa = PBXBuildFile; fileRef = 282AD29C27E9D6C4000402F5 /* SceneDelegate.swift */; };
		282AD2A427E9D6CB000402F5 /* Assets.xcassets in Resources */ = {isa = PBXBuildFile; fileRef = 282AD2A327E9D6CB000402F5 /* Assets.xcassets */; };
		282AD2A727E9D6CB000402F5 /* LaunchScreen.storyboard in Resources */ = {isa = PBXBuildFile; fileRef = 282AD2A527E9D6CB000402F5 /* LaunchScreen.storyboard */; };
		282AD2AF27E9DB5B000402F5 /* MovieDetailsViewController.swift in Sources */ = {isa = PBXBuildFile; fileRef = 282AD2AE27E9DB5B000402F5 /* MovieDetailsViewController.swift */; };
		282AD2B227E9E622000402F5 /* SnapKit in Frameworks */ = {isa = PBXBuildFile; productRef = 282AD2B127E9E622000402F5 /* SnapKit */; };
		282AD2B927EB04D7000402F5 /* proximanova-regular.otf in Resources */ = {isa = PBXBuildFile; fileRef = 282AD2B727EB04D7000402F5 /* proximanova-regular.otf */; };
		282AD2BA27EB04D7000402F5 /* proximanova-extrabold.otf in Resources */ = {isa = PBXBuildFile; fileRef = 282AD2B827EB04D7000402F5 /* proximanova-extrabold.otf */; };
		284E523F28422DB800744ADC /* CoreDataStack.swift in Sources */ = {isa = PBXBuildFile; fileRef = 284E523E28422DB800744ADC /* CoreDataStack.swift */; };
		284E524128422E1B00744ADC /* MoviesDatabaseDataSource.swift in Sources */ = {isa = PBXBuildFile; fileRef = 284E524028422E1B00744ADC /* MoviesDatabaseDataSource.swift */; };
		284E5243284230F100744ADC /* MoviesRepository.swift in Sources */ = {isa = PBXBuildFile; fileRef = 284E5242284230F100744ADC /* MoviesRepository.swift */; };
		284E5245284231F700744ADC /* MoviesNetworkDataSource.swift in Sources */ = {isa = PBXBuildFile; fileRef = 284E5244284231F700744ADC /* MoviesNetworkDataSource.swift */; };
		287ED8B22832EF4A009EA997 /* FavouritesCollectionViewCell.swift in Sources */ = {isa = PBXBuildFile; fileRef = 287ED8B12832EF4A009EA997 /* FavouritesCollectionViewCell.swift */; };
		2880BF35285B9DD500AD725B /* MovieGroups.swift in Sources */ = {isa = PBXBuildFile; fileRef = 2880BF34285B9DD500AD725B /* MovieGroups.swift */; };
		2889CA4728256CDD00B5726A /* FavouritesViewController.swift in Sources */ = {isa = PBXBuildFile; fileRef = 2889CA4628256CDD00B5726A /* FavouritesViewController.swift */; };
		2889CA4E2826718E00B5726A /* NetworkService.swift in Sources */ = {isa = PBXBuildFile; fileRef = 2889CA4D2826718E00B5726A /* NetworkService.swift */; };
		2889CA50282679FE00B5726A /* MovieModel.swift in Sources */ = {isa = PBXBuildFile; fileRef = 2889CA4F282679FE00B5726A /* MovieModel.swift */; };
		2889CA542826A2FC00B5726A /* RequestError.swift in Sources */ = {isa = PBXBuildFile; fileRef = 2889CA532826A2FC00B5726A /* RequestError.swift */; };
		2889CA562826A45900B5726A /* Result.swift in Sources */ = {isa = PBXBuildFile; fileRef = 2889CA552826A45900B5726A /* Result.swift */; };
		2889CA5A2826D75800B5726A /* MovieListModel.swift in Sources */ = {isa = PBXBuildFile; fileRef = 2889CA592826D75800B5726A /* MovieListModel.swift */; };
		2889CA612827C9C500B5726A /* GenreModel.swift in Sources */ = {isa = PBXBuildFile; fileRef = 2889CA602827C9C500B5726A /* GenreModel.swift */; };
		2889CA63282821F400B5726A /* NetworkMonitor.swift in Sources */ = {isa = PBXBuildFile; fileRef = 2889CA62282821F400B5726A /* NetworkMonitor.swift */; };
		2889CA6628285B2100B5726A /* GenreListModel.swift in Sources */ = {isa = PBXBuildFile; fileRef = 2889CA6528285B2100B5726A /* GenreListModel.swift */; };
		2889CA68282ECDD000B5726A /* TestViewController.swift in Sources */ = {isa = PBXBuildFile; fileRef = 2889CA67282ECDCF00B5726A /* TestViewController.swift */; };
		28CA9060284418260046CB6B /* MovieDatabase.xcdatamodeld in Sources */ = {isa = PBXBuildFile; fileRef = 28CA905E284418260046CB6B /* MovieDatabase.xcdatamodeld */; };
		28CA9067284419E10046CB6B /* MovieGenre+CoreDataClass.swift in Sources */ = {isa = PBXBuildFile; fileRef = 28CA9061284419E10046CB6B /* MovieGenre+CoreDataClass.swift */; };
		28CA9068284419E10046CB6B /* MovieGenre+CoreDataProperties.swift in Sources */ = {isa = PBXBuildFile; fileRef = 28CA9062284419E10046CB6B /* MovieGenre+CoreDataProperties.swift */; };
		28CA9069284419E10046CB6B /* Movie+CoreDataClass.swift in Sources */ = {isa = PBXBuildFile; fileRef = 28CA9063284419E10046CB6B /* Movie+CoreDataClass.swift */; };
		28CA906A284419E10046CB6B /* Movie+CoreDataProperties.swift in Sources */ = {isa = PBXBuildFile; fileRef = 28CA9064284419E10046CB6B /* Movie+CoreDataProperties.swift */; };
		28CA906B284419E10046CB6B /* MovieGroup+CoreDataClass.swift in Sources */ = {isa = PBXBuildFile; fileRef = 28CA9065284419E10046CB6B /* MovieGroup+CoreDataClass.swift */; };
		28CA906C284419E10046CB6B /* MovieGroup+CoreDataProperties.swift in Sources */ = {isa = PBXBuildFile; fileRef = 28CA9066284419E10046CB6B /* MovieGroup+CoreDataProperties.swift */; };
/* End PBXBuildFile section */

/* Begin PBXFileReference section */
		281CA3132801857B008EE43F /* personView.swift */ = {isa = PBXFileReference; lastKnownFileType = sourcecode.swift; path = personView.swift; sourceTree = "<group>"; };
		281CA3192801C3FE008EE43F /* SearchTableViewController.swift */ = {isa = PBXFileReference; lastKnownFileType = sourcecode.swift; path = SearchTableViewController.swift; sourceTree = "<group>"; };
		281CA31B2801FBAD008EE43F /* StyleConstants.swift */ = {isa = PBXFileReference; lastKnownFileType = sourcecode.swift; path = StyleConstants.swift; sourceTree = "<group>"; };
		281CA31D2801FFCE008EE43F /* SearchTableViewCell.swift */ = {isa = PBXFileReference; lastKnownFileType = sourcecode.swift; path = SearchTableViewCell.swift; sourceTree = "<group>"; };
		281CA3202802E002008EE43F /* MovieListViewController.swift */ = {isa = PBXFileReference; lastKnownFileType = sourcecode.swift; path = MovieListViewController.swift; sourceTree = "<group>"; };
		281CA3282806B1B6008EE43F /* MainTableViewController.swift */ = {isa = PBXFileReference; lastKnownFileType = sourcecode.swift; path = MainTableViewController.swift; sourceTree = "<group>"; };
		281CA32A2806B20B008EE43F /* MainTableViewCell.swift */ = {isa = PBXFileReference; lastKnownFileType = sourcecode.swift; path = MainTableViewCell.swift; sourceTree = "<group>"; };
		281CA330280822B0008EE43F /* CollectionViewCell.swift */ = {isa = PBXFileReference; lastKnownFileType = sourcecode.swift; path = CollectionViewCell.swift; sourceTree = "<group>"; };
		282AD29727E9D6C4000402F5 /* MovieApp.app */ = {isa = PBXFileReference; explicitFileType = wrapper.application; includeInIndex = 0; path = MovieApp.app; sourceTree = BUILT_PRODUCTS_DIR; };
		282AD29A27E9D6C4000402F5 /* AppDelegate.swift */ = {isa = PBXFileReference; lastKnownFileType = sourcecode.swift; path = AppDelegate.swift; sourceTree = "<group>"; };
		282AD29C27E9D6C4000402F5 /* SceneDelegate.swift */ = {isa = PBXFileReference; lastKnownFileType = sourcecode.swift; path = SceneDelegate.swift; sourceTree = "<group>"; };
		282AD2A327E9D6CB000402F5 /* Assets.xcassets */ = {isa = PBXFileReference; lastKnownFileType = folder.assetcatalog; path = Assets.xcassets; sourceTree = "<group>"; };
		282AD2A627E9D6CB000402F5 /* Base */ = {isa = PBXFileReference; lastKnownFileType = file.storyboard; name = Base; path = Base.lproj/LaunchScreen.storyboard; sourceTree = "<group>"; };
		282AD2A827E9D6CB000402F5 /* Info.plist */ = {isa = PBXFileReference; lastKnownFileType = text.plist.xml; path = Info.plist; sourceTree = "<group>"; };
		282AD2AE27E9DB5B000402F5 /* MovieDetailsViewController.swift */ = {isa = PBXFileReference; lastKnownFileType = sourcecode.swift; path = MovieDetailsViewController.swift; sourceTree = "<group>"; };
		282AD2B727EB04D7000402F5 /* proximanova-regular.otf */ = {isa = PBXFileReference; lastKnownFileType = file; path = "proximanova-regular.otf"; sourceTree = "<group>"; };
		282AD2B827EB04D7000402F5 /* proximanova-extrabold.otf */ = {isa = PBXFileReference; lastKnownFileType = file; path = "proximanova-extrabold.otf"; sourceTree = "<group>"; };
		284E523E28422DB800744ADC /* CoreDataStack.swift */ = {isa = PBXFileReference; lastKnownFileType = sourcecode.swift; path = CoreDataStack.swift; sourceTree = "<group>"; };
		284E524028422E1B00744ADC /* MoviesDatabaseDataSource.swift */ = {isa = PBXFileReference; lastKnownFileType = sourcecode.swift; path = MoviesDatabaseDataSource.swift; sourceTree = "<group>"; };
		284E5242284230F100744ADC /* MoviesRepository.swift */ = {isa = PBXFileReference; lastKnownFileType = sourcecode.swift; path = MoviesRepository.swift; sourceTree = "<group>"; };
		284E5244284231F700744ADC /* MoviesNetworkDataSource.swift */ = {isa = PBXFileReference; lastKnownFileType = sourcecode.swift; path = MoviesNetworkDataSource.swift; sourceTree = "<group>"; };
		287ED8B12832EF4A009EA997 /* FavouritesCollectionViewCell.swift */ = {isa = PBXFileReference; lastKnownFileType = sourcecode.swift; path = FavouritesCollectionViewCell.swift; sourceTree = "<group>"; };
		2880BF34285B9DD500AD725B /* MovieGroups.swift */ = {isa = PBXFileReference; lastKnownFileType = sourcecode.swift; path = MovieGroups.swift; sourceTree = "<group>"; };
		2889CA4628256CDD00B5726A /* FavouritesViewController.swift */ = {isa = PBXFileReference; lastKnownFileType = sourcecode.swift; path = FavouritesViewController.swift; sourceTree = "<group>"; };
		2889CA4D2826718E00B5726A /* NetworkService.swift */ = {isa = PBXFileReference; lastKnownFileType = sourcecode.swift; path = NetworkService.swift; sourceTree = "<group>"; };
		2889CA4F282679FE00B5726A /* MovieModel.swift */ = {isa = PBXFileReference; lastKnownFileType = sourcecode.swift; path = MovieModel.swift; sourceTree = "<group>"; };
		2889CA532826A2FC00B5726A /* RequestError.swift */ = {isa = PBXFileReference; lastKnownFileType = sourcecode.swift; path = RequestError.swift; sourceTree = "<group>"; };
		2889CA552826A45900B5726A /* Result.swift */ = {isa = PBXFileReference; lastKnownFileType = sourcecode.swift; path = Result.swift; sourceTree = "<group>"; };
		2889CA592826D75800B5726A /* MovieListModel.swift */ = {isa = PBXFileReference; lastKnownFileType = sourcecode.swift; path = MovieListModel.swift; sourceTree = "<group>"; };
		2889CA602827C9C500B5726A /* GenreModel.swift */ = {isa = PBXFileReference; lastKnownFileType = sourcecode.swift; path = GenreModel.swift; sourceTree = "<group>"; };
		2889CA62282821F400B5726A /* NetworkMonitor.swift */ = {isa = PBXFileReference; lastKnownFileType = sourcecode.swift; path = NetworkMonitor.swift; sourceTree = "<group>"; };
		2889CA6528285B2100B5726A /* GenreListModel.swift */ = {isa = PBXFileReference; lastKnownFileType = sourcecode.swift; path = GenreListModel.swift; sourceTree = "<group>"; };
		2889CA67282ECDCF00B5726A /* TestViewController.swift */ = {isa = PBXFileReference; lastKnownFileType = sourcecode.swift; path = TestViewController.swift; sourceTree = "<group>"; };
		28CA905F284418260046CB6B /* MovieDatabase.xcdatamodel */ = {isa = PBXFileReference; lastKnownFileType = wrapper.xcdatamodel; path = MovieDatabase.xcdatamodel; sourceTree = "<group>"; };
		28CA9061284419E10046CB6B /* MovieGenre+CoreDataClass.swift */ = {isa = PBXFileReference; lastKnownFileType = sourcecode.swift; path = "MovieGenre+CoreDataClass.swift"; sourceTree = "<group>"; };
		28CA9062284419E10046CB6B /* MovieGenre+CoreDataProperties.swift */ = {isa = PBXFileReference; lastKnownFileType = sourcecode.swift; path = "MovieGenre+CoreDataProperties.swift"; sourceTree = "<group>"; };
		28CA9063284419E10046CB6B /* Movie+CoreDataClass.swift */ = {isa = PBXFileReference; lastKnownFileType = sourcecode.swift; path = "Movie+CoreDataClass.swift"; sourceTree = "<group>"; };
		28CA9064284419E10046CB6B /* Movie+CoreDataProperties.swift */ = {isa = PBXFileReference; lastKnownFileType = sourcecode.swift; path = "Movie+CoreDataProperties.swift"; sourceTree = "<group>"; };
		28CA9065284419E10046CB6B /* MovieGroup+CoreDataClass.swift */ = {isa = PBXFileReference; lastKnownFileType = sourcecode.swift; path = "MovieGroup+CoreDataClass.swift"; sourceTree = "<group>"; };
		28CA9066284419E10046CB6B /* MovieGroup+CoreDataProperties.swift */ = {isa = PBXFileReference; lastKnownFileType = sourcecode.swift; path = "MovieGroup+CoreDataProperties.swift"; sourceTree = "<group>"; };
/* End PBXFileReference section */

/* Begin PBXFrameworksBuildPhase section */
		282AD29427E9D6C4000402F5 /* Frameworks */ = {
			isa = PBXFrameworksBuildPhase;
			buildActionMask = 2147483647;
			files = (
				282AD2B227E9E622000402F5 /* SnapKit in Frameworks */,
				281CA325280419FF008EE43F /* MovieAppData in Frameworks */,
			);
			runOnlyForDeploymentPostprocessing = 0;
		};
/* End PBXFrameworksBuildPhase section */

/* Begin PBXGroup section */
		281CA31228018542008EE43F /* Structures */ = {
			isa = PBXGroup;
			children = (
				281CA3132801857B008EE43F /* personView.swift */,
			);
			path = Structures;
			sourceTree = "<group>";
		};
		281CA3222803F022008EE43F /* MovieList */ = {
			isa = PBXGroup;
			children = (
				281CA3202802E002008EE43F /* MovieListViewController.swift */,
				281CA3192801C3FE008EE43F /* SearchTableViewController.swift */,
				281CA31D2801FFCE008EE43F /* SearchTableViewCell.swift */,
				281CA3282806B1B6008EE43F /* MainTableViewController.swift */,
				281CA32A2806B20B008EE43F /* MainTableViewCell.swift */,
				281CA330280822B0008EE43F /* CollectionViewCell.swift */,
			);
			path = MovieList;
			sourceTree = "<group>";
		};
		281CA333281BAD0B008EE43F /* FavouritesView */ = {
			isa = PBXGroup;
			children = (
				2889CA4628256CDD00B5726A /* FavouritesViewController.swift */,
				287ED8B12832EF4A009EA997 /* FavouritesCollectionViewCell.swift */,
			);
			path = FavouritesView;
			sourceTree = "<group>";
		};
		282AD28E27E9D6C4000402F5 = {
			isa = PBXGroup;
			children = (
				28CA905E284418260046CB6B /* MovieDatabase.xcdatamodeld */,
				282AD29927E9D6C4000402F5 /* MovieApp */,
				282AD29827E9D6C4000402F5 /* Products */,
			);
			sourceTree = "<group>";
		};
		282AD29827E9D6C4000402F5 /* Products */ = {
			isa = PBXGroup;
			children = (
				282AD29727E9D6C4000402F5 /* MovieApp.app */,
			);
			name = Products;
			sourceTree = "<group>";
		};
		282AD29927E9D6C4000402F5 /* MovieApp */ = {
			isa = PBXGroup;
			children = (
				284E523B28422D4D00744ADC /* Repository Layer */,
				2889CA642828391B00B5726A /* Assets */,
				2889CA4828266D9E00B5726A /* View Controllers */,
				2889CA43282400D800B5726A /* Model */,
				282AD29A27E9D6C4000402F5 /* AppDelegate.swift */,
				282AD29C27E9D6C4000402F5 /* SceneDelegate.swift */,
				282AD2A327E9D6CB000402F5 /* Assets.xcassets */,
				282AD2A527E9D6CB000402F5 /* LaunchScreen.storyboard */,
				282AD2A827E9D6CB000402F5 /* Info.plist */,
				281CA31B2801FBAD008EE43F /* StyleConstants.swift */,
				2889CA67282ECDCF00B5726A /* TestViewController.swift */,
			);
			path = MovieApp;
			sourceTree = "<group>";
		};
		282AD2BB27EB05C9000402F5 /* Fonts */ = {
			isa = PBXGroup;
			children = (
				282AD2B827EB04D7000402F5 /* proximanova-extrabold.otf */,
				282AD2B727EB04D7000402F5 /* proximanova-regular.otf */,
			);
			path = Fonts;
			sourceTree = "<group>";
		};
		284E523B28422D4D00744ADC /* Repository Layer */ = {
			isa = PBXGroup;
			children = (
				284E5242284230F100744ADC /* MoviesRepository.swift */,
				284E5244284231F700744ADC /* MoviesNetworkDataSource.swift */,
				284E524028422E1B00744ADC /* MoviesDatabaseDataSource.swift */,
				2889CA4A28266E7F00B5726A /* Networking */,
				284E523C28422D8000744ADC /* Database */,
			);
			path = "Repository Layer";
			sourceTree = "<group>";
		};
		284E523C28422D8000744ADC /* Database */ = {
			isa = PBXGroup;
			children = (
				284E523E28422DB800744ADC /* CoreDataStack.swift */,
				284E523D28422D9300744ADC /* Model */,
			);
			path = Database;
			sourceTree = "<group>";
		};
		284E523D28422D9300744ADC /* Model */ = {
			isa = PBXGroup;
			children = (
				28CA9061284419E10046CB6B /* MovieGenre+CoreDataClass.swift */,
				28CA9062284419E10046CB6B /* MovieGenre+CoreDataProperties.swift */,
				28CA9063284419E10046CB6B /* Movie+CoreDataClass.swift */,
				28CA9064284419E10046CB6B /* Movie+CoreDataProperties.swift */,
				28CA9065284419E10046CB6B /* MovieGroup+CoreDataClass.swift */,
				28CA9066284419E10046CB6B /* MovieGroup+CoreDataProperties.swift */,
			);
			path = Model;
			sourceTree = "<group>";
		};
		2889CA43282400D800B5726A /* Model */ = {
			isa = PBXGroup;
			children = (
				2889CA4F282679FE00B5726A /* MovieModel.swift */,
				2889CA592826D75800B5726A /* MovieListModel.swift */,
				2889CA602827C9C500B5726A /* GenreModel.swift */,
				2889CA6528285B2100B5726A /* GenreListModel.swift */,
				2880BF34285B9DD500AD725B /* MovieGroups.swift */,
			);
			path = Model;
			sourceTree = "<group>";
		};
		2889CA4828266D9E00B5726A /* View Controllers */ = {
			isa = PBXGroup;
			children = (
				2889CA4928266DCA00B5726A /* MovieDetails */,
				281CA333281BAD0B008EE43F /* FavouritesView */,
				281CA3222803F022008EE43F /* MovieList */,
			);
			path = "View Controllers";
			sourceTree = "<group>";
		};
		2889CA4928266DCA00B5726A /* MovieDetails */ = {
			isa = PBXGroup;
			children = (
				281CA31228018542008EE43F /* Structures */,
				282AD2AE27E9DB5B000402F5 /* MovieDetailsViewController.swift */,
			);
			path = MovieDetails;
			sourceTree = "<group>";
		};
		2889CA4A28266E7F00B5726A /* Networking */ = {
			isa = PBXGroup;
			children = (
				2889CA4D2826718E00B5726A /* NetworkService.swift */,
				2889CA532826A2FC00B5726A /* RequestError.swift */,
				2889CA552826A45900B5726A /* Result.swift */,
				2889CA62282821F400B5726A /* NetworkMonitor.swift */,
			);
			path = Networking;
			sourceTree = "<group>";
		};
		2889CA642828391B00B5726A /* Assets */ = {
			isa = PBXGroup;
			children = (
				282AD2BB27EB05C9000402F5 /* Fonts */,
			);
			path = Assets;
			sourceTree = "<group>";
		};
/* End PBXGroup section */

/* Begin PBXNativeTarget section */
		282AD29627E9D6C4000402F5 /* MovieApp */ = {
			isa = PBXNativeTarget;
			buildConfigurationList = 282AD2AB27E9D6CB000402F5 /* Build configuration list for PBXNativeTarget "MovieApp" */;
			buildPhases = (
				282AD29327E9D6C4000402F5 /* Sources */,
				282AD29427E9D6C4000402F5 /* Frameworks */,
				282AD29527E9D6C4000402F5 /* Resources */,
			);
			buildRules = (
			);
			dependencies = (
			);
			name = MovieApp;
			packageProductDependencies = (
				282AD2B127E9E622000402F5 /* SnapKit */,
				281CA324280419FF008EE43F /* MovieAppData */,
			);
			productName = MovieApp;
			productReference = 282AD29727E9D6C4000402F5 /* MovieApp.app */;
			productType = "com.apple.product-type.application";
		};
/* End PBXNativeTarget section */

/* Begin PBXProject section */
		282AD28F27E9D6C4000402F5 /* Project object */ = {
			isa = PBXProject;
			attributes = {
				BuildIndependentTargetsInParallel = 1;
				LastSwiftUpdateCheck = 1320;
				LastUpgradeCheck = 1320;
				TargetAttributes = {
					282AD29627E9D6C4000402F5 = {
						CreatedOnToolsVersion = 13.2.1;
					};
				};
			};
			buildConfigurationList = 282AD29227E9D6C4000402F5 /* Build configuration list for PBXProject "MovieApp" */;
			compatibilityVersion = "Xcode 13.0";
			developmentRegion = en;
			hasScannedForEncodings = 0;
			knownRegions = (
				en,
				Base,
			);
			mainGroup = 282AD28E27E9D6C4000402F5;
			packageReferences = (
				282AD2B027E9E622000402F5 /* XCRemoteSwiftPackageReference "SnapKit" */,
				281CA323280419FF008EE43F /* XCRemoteSwiftPackageReference "MovieAppData" */,
			);
			productRefGroup = 282AD29827E9D6C4000402F5 /* Products */;
			projectDirPath = "";
			projectRoot = "";
			targets = (
				282AD29627E9D6C4000402F5 /* MovieApp */,
			);
		};
/* End PBXProject section */

/* Begin PBXResourcesBuildPhase section */
		282AD29527E9D6C4000402F5 /* Resources */ = {
			isa = PBXResourcesBuildPhase;
			buildActionMask = 2147483647;
			files = (
				282AD2A727E9D6CB000402F5 /* LaunchScreen.storyboard in Resources */,
				282AD2B927EB04D7000402F5 /* proximanova-regular.otf in Resources */,
				282AD2BA27EB04D7000402F5 /* proximanova-extrabold.otf in Resources */,
				282AD2A427E9D6CB000402F5 /* Assets.xcassets in Resources */,
			);
			runOnlyForDeploymentPostprocessing = 0;
		};
/* End PBXResourcesBuildPhase section */

/* Begin PBXSourcesBuildPhase section */
		282AD29327E9D6C4000402F5 /* Sources */ = {
			isa = PBXSourcesBuildPhase;
			buildActionMask = 2147483647;
			files = (
				2889CA612827C9C500B5726A /* GenreModel.swift in Sources */,
				287ED8B22832EF4A009EA997 /* FavouritesCollectionViewCell.swift in Sources */,
				2889CA50282679FE00B5726A /* MovieModel.swift in Sources */,
				2889CA68282ECDD000B5726A /* TestViewController.swift in Sources */,
				281CA3292806B1B6008EE43F /* MainTableViewController.swift in Sources */,
				28CA9067284419E10046CB6B /* MovieGenre+CoreDataClass.swift in Sources */,
				282AD2AF27E9DB5B000402F5 /* MovieDetailsViewController.swift in Sources */,
				281CA3142801857B008EE43F /* personView.swift in Sources */,
				281CA31E2801FFCE008EE43F /* SearchTableViewCell.swift in Sources */,
				284E523F28422DB800744ADC /* CoreDataStack.swift in Sources */,
				2889CA4728256CDD00B5726A /* FavouritesViewController.swift in Sources */,
				2889CA562826A45900B5726A /* Result.swift in Sources */,
				2889CA4E2826718E00B5726A /* NetworkService.swift in Sources */,
				282AD29B27E9D6C4000402F5 /* AppDelegate.swift in Sources */,
				284E5245284231F700744ADC /* MoviesNetworkDataSource.swift in Sources */,
				281CA31C2801FBAD008EE43F /* StyleConstants.swift in Sources */,
				28CA906B284419E10046CB6B /* MovieGroup+CoreDataClass.swift in Sources */,
				2880BF35285B9DD500AD725B /* MovieGroups.swift in Sources */,
				28CA9069284419E10046CB6B /* Movie+CoreDataClass.swift in Sources */,
				28CA9060284418260046CB6B /* MovieDatabase.xcdatamodeld in Sources */,
				2889CA6628285B2100B5726A /* GenreListModel.swift in Sources */,
				284E524128422E1B00744ADC /* MoviesDatabaseDataSource.swift in Sources */,
				28CA906A284419E10046CB6B /* Movie+CoreDataProperties.swift in Sources */,
				281CA3212802E002008EE43F /* MovieListViewController.swift in Sources */,
				28CA9068284419E10046CB6B /* MovieGenre+CoreDataProperties.swift in Sources */,
				281CA31A2801C3FE008EE43F /* SearchTableViewController.swift in Sources */,
				281CA331280822B0008EE43F /* CollectionViewCell.swift in Sources */,
				284E5243284230F100744ADC /* MoviesRepository.swift in Sources */,
				2889CA542826A2FC00B5726A /* RequestError.swift in Sources */,
				281CA32B2806B20B008EE43F /* MainTableViewCell.swift in Sources */,
				2889CA5A2826D75800B5726A /* MovieListModel.swift in Sources */,
				282AD29D27E9D6C4000402F5 /* SceneDelegate.swift in Sources */,
				28CA906C284419E10046CB6B /* MovieGroup+CoreDataProperties.swift in Sources */,
				2889CA63282821F400B5726A /* NetworkMonitor.swift in Sources */,
			);
			runOnlyForDeploymentPostprocessing = 0;
		};
/* End PBXSourcesBuildPhase section */

/* Begin PBXVariantGroup section */
		282AD2A527E9D6CB000402F5 /* LaunchScreen.storyboard */ = {
			isa = PBXVariantGroup;
			children = (
				282AD2A627E9D6CB000402F5 /* Base */,
			);
			name = LaunchScreen.storyboard;
			sourceTree = "<group>";
		};
/* End PBXVariantGroup section */

/* Begin XCBuildConfiguration section */
		282AD2A927E9D6CB000402F5 /* Debug */ = {
			isa = XCBuildConfiguration;
			buildSettings = {
				ALWAYS_SEARCH_USER_PATHS = NO;
				CLANG_ANALYZER_NONNULL = YES;
				CLANG_ANALYZER_NUMBER_OBJECT_CONVERSION = YES_AGGRESSIVE;
				CLANG_CXX_LANGUAGE_STANDARD = "gnu++17";
				CLANG_CXX_LIBRARY = "libc++";
				CLANG_ENABLE_MODULES = YES;
				CLANG_ENABLE_OBJC_ARC = YES;
				CLANG_ENABLE_OBJC_WEAK = YES;
				CLANG_WARN_BLOCK_CAPTURE_AUTORELEASING = YES;
				CLANG_WARN_BOOL_CONVERSION = YES;
				CLANG_WARN_COMMA = YES;
				CLANG_WARN_CONSTANT_CONVERSION = YES;
				CLANG_WARN_DEPRECATED_OBJC_IMPLEMENTATIONS = YES;
				CLANG_WARN_DIRECT_OBJC_ISA_USAGE = YES_ERROR;
				CLANG_WARN_DOCUMENTATION_COMMENTS = YES;
				CLANG_WARN_EMPTY_BODY = YES;
				CLANG_WARN_ENUM_CONVERSION = YES;
				CLANG_WARN_INFINITE_RECURSION = YES;
				CLANG_WARN_INT_CONVERSION = YES;
				CLANG_WARN_NON_LITERAL_NULL_CONVERSION = YES;
				CLANG_WARN_OBJC_IMPLICIT_RETAIN_SELF = YES;
				CLANG_WARN_OBJC_LITERAL_CONVERSION = YES;
				CLANG_WARN_OBJC_ROOT_CLASS = YES_ERROR;
				CLANG_WARN_QUOTED_INCLUDE_IN_FRAMEWORK_HEADER = YES;
				CLANG_WARN_RANGE_LOOP_ANALYSIS = YES;
				CLANG_WARN_STRICT_PROTOTYPES = YES;
				CLANG_WARN_SUSPICIOUS_MOVE = YES;
				CLANG_WARN_UNGUARDED_AVAILABILITY = YES_AGGRESSIVE;
				CLANG_WARN_UNREACHABLE_CODE = YES;
				CLANG_WARN__DUPLICATE_METHOD_MATCH = YES;
				COPY_PHASE_STRIP = NO;
				DEBUG_INFORMATION_FORMAT = dwarf;
				ENABLE_STRICT_OBJC_MSGSEND = YES;
				ENABLE_TESTABILITY = YES;
				GCC_C_LANGUAGE_STANDARD = gnu11;
				GCC_DYNAMIC_NO_PIC = NO;
				GCC_NO_COMMON_BLOCKS = YES;
				GCC_OPTIMIZATION_LEVEL = 0;
				GCC_PREPROCESSOR_DEFINITIONS = (
					"DEBUG=1",
					"$(inherited)",
				);
				GCC_WARN_64_TO_32_BIT_CONVERSION = YES;
				GCC_WARN_ABOUT_RETURN_TYPE = YES_ERROR;
				GCC_WARN_UNDECLARED_SELECTOR = YES;
				GCC_WARN_UNINITIALIZED_AUTOS = YES_AGGRESSIVE;
				GCC_WARN_UNUSED_FUNCTION = YES;
				GCC_WARN_UNUSED_VARIABLE = YES;
				IPHONEOS_DEPLOYMENT_TARGET = 15.2;
				MTL_ENABLE_DEBUG_INFO = INCLUDE_SOURCE;
				MTL_FAST_MATH = YES;
				ONLY_ACTIVE_ARCH = YES;
				SDKROOT = iphoneos;
				SWIFT_ACTIVE_COMPILATION_CONDITIONS = DEBUG;
				SWIFT_OPTIMIZATION_LEVEL = "-Onone";
			};
			name = Debug;
		};
		282AD2AA27E9D6CB000402F5 /* Release */ = {
			isa = XCBuildConfiguration;
			buildSettings = {
				ALWAYS_SEARCH_USER_PATHS = NO;
				CLANG_ANALYZER_NONNULL = YES;
				CLANG_ANALYZER_NUMBER_OBJECT_CONVERSION = YES_AGGRESSIVE;
				CLANG_CXX_LANGUAGE_STANDARD = "gnu++17";
				CLANG_CXX_LIBRARY = "libc++";
				CLANG_ENABLE_MODULES = YES;
				CLANG_ENABLE_OBJC_ARC = YES;
				CLANG_ENABLE_OBJC_WEAK = YES;
				CLANG_WARN_BLOCK_CAPTURE_AUTORELEASING = YES;
				CLANG_WARN_BOOL_CONVERSION = YES;
				CLANG_WARN_COMMA = YES;
				CLANG_WARN_CONSTANT_CONVERSION = YES;
				CLANG_WARN_DEPRECATED_OBJC_IMPLEMENTATIONS = YES;
				CLANG_WARN_DIRECT_OBJC_ISA_USAGE = YES_ERROR;
				CLANG_WARN_DOCUMENTATION_COMMENTS = YES;
				CLANG_WARN_EMPTY_BODY = YES;
				CLANG_WARN_ENUM_CONVERSION = YES;
				CLANG_WARN_INFINITE_RECURSION = YES;
				CLANG_WARN_INT_CONVERSION = YES;
				CLANG_WARN_NON_LITERAL_NULL_CONVERSION = YES;
				CLANG_WARN_OBJC_IMPLICIT_RETAIN_SELF = YES;
				CLANG_WARN_OBJC_LITERAL_CONVERSION = YES;
				CLANG_WARN_OBJC_ROOT_CLASS = YES_ERROR;
				CLANG_WARN_QUOTED_INCLUDE_IN_FRAMEWORK_HEADER = YES;
				CLANG_WARN_RANGE_LOOP_ANALYSIS = YES;
				CLANG_WARN_STRICT_PROTOTYPES = YES;
				CLANG_WARN_SUSPICIOUS_MOVE = YES;
				CLANG_WARN_UNGUARDED_AVAILABILITY = YES_AGGRESSIVE;
				CLANG_WARN_UNREACHABLE_CODE = YES;
				CLANG_WARN__DUPLICATE_METHOD_MATCH = YES;
				COPY_PHASE_STRIP = NO;
				DEBUG_INFORMATION_FORMAT = "dwarf-with-dsym";
				ENABLE_NS_ASSERTIONS = NO;
				ENABLE_STRICT_OBJC_MSGSEND = YES;
				GCC_C_LANGUAGE_STANDARD = gnu11;
				GCC_NO_COMMON_BLOCKS = YES;
				GCC_WARN_64_TO_32_BIT_CONVERSION = YES;
				GCC_WARN_ABOUT_RETURN_TYPE = YES_ERROR;
				GCC_WARN_UNDECLARED_SELECTOR = YES;
				GCC_WARN_UNINITIALIZED_AUTOS = YES_AGGRESSIVE;
				GCC_WARN_UNUSED_FUNCTION = YES;
				GCC_WARN_UNUSED_VARIABLE = YES;
				IPHONEOS_DEPLOYMENT_TARGET = 15.2;
				MTL_ENABLE_DEBUG_INFO = NO;
				MTL_FAST_MATH = YES;
				SDKROOT = iphoneos;
				SWIFT_COMPILATION_MODE = wholemodule;
				SWIFT_OPTIMIZATION_LEVEL = "-O";
				VALIDATE_PRODUCT = YES;
			};
			name = Release;
		};
		282AD2AC27E9D6CB000402F5 /* Debug */ = {
			isa = XCBuildConfiguration;
			buildSettings = {
				ASSETCATALOG_COMPILER_APPICON_NAME = AppIcon;
				ASSETCATALOG_COMPILER_GLOBAL_ACCENT_COLOR_NAME = AccentColor;
				CODE_SIGN_STYLE = Automatic;
				CURRENT_PROJECT_VERSION = 1;
				GENERATE_INFOPLIST_FILE = YES;
				INFOPLIST_FILE = MovieApp/Info.plist;
				INFOPLIST_KEY_UIApplicationSupportsIndirectInputEvents = YES;
				INFOPLIST_KEY_UILaunchStoryboardName = LaunchScreen;
				INFOPLIST_KEY_UISupportedInterfaceOrientations_iPad = "UIInterfaceOrientationPortrait UIInterfaceOrientationPortraitUpsideDown UIInterfaceOrientationLandscapeLeft UIInterfaceOrientationLandscapeRight";
				INFOPLIST_KEY_UISupportedInterfaceOrientations_iPhone = "UIInterfaceOrientationPortrait UIInterfaceOrientationLandscapeLeft UIInterfaceOrientationLandscapeRight";
				LD_RUNPATH_SEARCH_PATHS = (
					"$(inherited)",
					"@executable_path/Frameworks",
				);
				MARKETING_VERSION = 1.0;
				PRODUCT_BUNDLE_IDENTIFIER = hr.fer.mikulic.jurica.MovieApp;
				PRODUCT_NAME = "$(TARGET_NAME)";
				SWIFT_EMIT_LOC_STRINGS = YES;
				SWIFT_VERSION = 5.0;
				TARGETED_DEVICE_FAMILY = "1,2";
			};
			name = Debug;
		};
		282AD2AD27E9D6CB000402F5 /* Release */ = {
			isa = XCBuildConfiguration;
			buildSettings = {
				ASSETCATALOG_COMPILER_APPICON_NAME = AppIcon;
				ASSETCATALOG_COMPILER_GLOBAL_ACCENT_COLOR_NAME = AccentColor;
				CODE_SIGN_STYLE = Automatic;
				CURRENT_PROJECT_VERSION = 1;
				GENERATE_INFOPLIST_FILE = YES;
				INFOPLIST_FILE = MovieApp/Info.plist;
				INFOPLIST_KEY_UIApplicationSupportsIndirectInputEvents = YES;
				INFOPLIST_KEY_UILaunchStoryboardName = LaunchScreen;
				INFOPLIST_KEY_UISupportedInterfaceOrientations_iPad = "UIInterfaceOrientationPortrait UIInterfaceOrientationPortraitUpsideDown UIInterfaceOrientationLandscapeLeft UIInterfaceOrientationLandscapeRight";
				INFOPLIST_KEY_UISupportedInterfaceOrientations_iPhone = "UIInterfaceOrientationPortrait UIInterfaceOrientationLandscapeLeft UIInterfaceOrientationLandscapeRight";
				LD_RUNPATH_SEARCH_PATHS = (
					"$(inherited)",
					"@executable_path/Frameworks",
				);
				MARKETING_VERSION = 1.0;
				PRODUCT_BUNDLE_IDENTIFIER = hr.fer.mikulic.jurica.MovieApp;
				PRODUCT_NAME = "$(TARGET_NAME)";
				SWIFT_EMIT_LOC_STRINGS = YES;
				SWIFT_VERSION = 5.0;
				TARGETED_DEVICE_FAMILY = "1,2";
			};
			name = Release;
		};
/* End XCBuildConfiguration section */

/* Begin XCConfigurationList section */
		282AD29227E9D6C4000402F5 /* Build configuration list for PBXProject "MovieApp" */ = {
			isa = XCConfigurationList;
			buildConfigurations = (
				282AD2A927E9D6CB000402F5 /* Debug */,
				282AD2AA27E9D6CB000402F5 /* Release */,
			);
			defaultConfigurationIsVisible = 0;
			defaultConfigurationName = Release;
		};
		282AD2AB27E9D6CB000402F5 /* Build configuration list for PBXNativeTarget "MovieApp" */ = {
			isa = XCConfigurationList;
			buildConfigurations = (
				282AD2AC27E9D6CB000402F5 /* Debug */,
				282AD2AD27E9D6CB000402F5 /* Release */,
			);
			defaultConfigurationIsVisible = 0;
			defaultConfigurationName = Release;
		};
/* End XCConfigurationList section */

/* Begin XCRemoteSwiftPackageReference section */
		281CA323280419FF008EE43F /* XCRemoteSwiftPackageReference "MovieAppData" */ = {
			isa = XCRemoteSwiftPackageReference;
			repositoryURL = "https://github.com/fiveagency/MovieAppData";
			requirement = {
				kind = upToNextMajorVersion;
				minimumVersion = 1.0.0;
			};
		};
		282AD2B027E9E622000402F5 /* XCRemoteSwiftPackageReference "SnapKit" */ = {
			isa = XCRemoteSwiftPackageReference;
			repositoryURL = "https://github.com/SnapKit/SnapKit.git";
			requirement = {
				kind = upToNextMajorVersion;
				minimumVersion = 5.0.0;
			};
		};
/* End XCRemoteSwiftPackageReference section */

/* Begin XCSwiftPackageProductDependency section */
		281CA324280419FF008EE43F /* MovieAppData */ = {
			isa = XCSwiftPackageProductDependency;
			package = 281CA323280419FF008EE43F /* XCRemoteSwiftPackageReference "MovieAppData" */;
			productName = MovieAppData;
		};
		282AD2B127E9E622000402F5 /* SnapKit */ = {
			isa = XCSwiftPackageProductDependency;
			package = 282AD2B027E9E622000402F5 /* XCRemoteSwiftPackageReference "SnapKit" */;
			productName = SnapKit;
		};
/* End XCSwiftPackageProductDependency section */

/* Begin XCVersionGroup section */
		28CA905E284418260046CB6B /* MovieDatabase.xcdatamodeld */ = {
			isa = XCVersionGroup;
			children = (
				28CA905F284418260046CB6B /* MovieDatabase.xcdatamodel */,
			);
			currentVersion = 28CA905F284418260046CB6B /* MovieDatabase.xcdatamodel */;
			path = MovieDatabase.xcdatamodeld;
			sourceTree = "<group>";
			versionGroupType = wrapper.xcdatamodel;
		};
/* End XCVersionGroup section */
	};
	rootObject = 282AD28F27E9D6C4000402F5 /* Project object */;
}
